// !$*UTF8*$!
{
	archiveVersion = 1;
	classes = {
	};
	objectVersion = 46;
	objects = {

/* Begin PBXBuildFile section */
		D79085431EA8670000015524 /* AppDelegate.swift in Sources */ = {isa = PBXBuildFile; fileRef = D79085421EA8670000015524 /* AppDelegate.swift */; };
		D79085451EA8670000015524 /* ViewController.swift in Sources */ = {isa = PBXBuildFile; fileRef = D79085441EA8670000015524 /* ViewController.swift */; };
		D79085481EA8670000015524 /* Main.storyboard in Resources */ = {isa = PBXBuildFile; fileRef = D79085461EA8670000015524 /* Main.storyboard */; };
		D790854A1EA8670000015524 /* Assets.xcassets in Resources */ = {isa = PBXBuildFile; fileRef = D79085491EA8670000015524 /* Assets.xcassets */; };
		D790854D1EA8670000015524 /* LaunchScreen.storyboard in Resources */ = {isa = PBXBuildFile; fileRef = D790854B1EA8670000015524 /* LaunchScreen.storyboard */; };
		D79085581EA8670000015524 /* MyHoodTests.swift in Sources */ = {isa = PBXBuildFile; fileRef = D79085571EA8670000015524 /* MyHoodTests.swift */; };
		D79085631EA8670000015524 /* MyHoodUITests.swift in Sources */ = {isa = PBXBuildFile; fileRef = D79085621EA8670000015524 /* MyHoodUITests.swift */; };
/* End PBXBuildFile section */

/* Begin PBXContainerItemProxy section */
		D79085541EA8670000015524 /* PBXContainerItemProxy */ = {
			isa = PBXContainerItemProxy;
			containerPortal = D79085371EA866FF00015524 /* Project object */;
			proxyType = 1;
			remoteGlobalIDString = D790853E1EA8670000015524;
			remoteInfo = MyHood;
		};
		D790855F1EA8670000015524 /* PBXContainerItemProxy */ = {
			isa = PBXContainerItemProxy;
			containerPortal = D79085371EA866FF00015524 /* Project object */;
			proxyType = 1;
			remoteGlobalIDString = D790853E1EA8670000015524;
			remoteInfo = MyHood;
		};
/* End PBXContainerItemProxy section */

/* Begin PBXFileReference section */
		D790853F1EA8670000015524 /* MyHood.app */ = {isa = PBXFileReference; explicitFileType = wrapper.application; includeInIndex = 0; path = MyHood.app; sourceTree = BUILT_PRODUCTS_DIR; };
		D79085421EA8670000015524 /* AppDelegate.swift */ = {isa = PBXFileReference; lastKnownFileType = sourcecode.swift; path = AppDelegate.swift; sourceTree = "<group>"; };
		D79085441EA8670000015524 /* ViewController.swift */ = {isa = PBXFileReference; lastKnownFileType = sourcecode.swift; path = ViewController.swift; sourceTree = "<group>"; };
		D79085471EA8670000015524 /* Base */ = {isa = PBXFileReference; lastKnownFileType = file.storyboard; name = Base; path = Base.lproj/Main.storyboard; sourceTree = "<group>"; };
		D79085491EA8670000015524 /* Assets.xcassets */ = {isa = PBXFileReference; lastKnownFileType = folder.assetcatalog; path = Assets.xcassets; sourceTree = "<group>"; };
		D790854C1EA8670000015524 /* Base */ = {isa = PBXFileReference; lastKnownFileType = file.storyboard; name = Base; path = Base.lproj/LaunchScreen.storyboard; sourceTree = "<group>"; };
		D790854E1EA8670000015524 /* Info.plist */ = {isa = PBXFileReference; lastKnownFileType = text.plist.xml; path = Info.plist; sourceTree = "<group>"; };
		D79085531EA8670000015524 /* MyHoodTests.xctest */ = {isa = PBXFileReference; explicitFileType = wrapper.cfbundle; includeInIndex = 0; path = MyHoodTests.xctest; sourceTree = BUILT_PRODUCTS_DIR; };
		D79085571EA8670000015524 /* MyHoodTests.swift */ = {isa = PBXFileReference; lastKnownFileType = sourcecode.swift; path = MyHoodTests.swift; sourceTree = "<group>"; };
		D79085591EA8670000015524 /* Info.plist */ = {isa = PBXFileReference; lastKnownFileType = text.plist.xml; path = Info.plist; sourceTree = "<group>"; };
		D790855E1EA8670000015524 /* MyHoodUITests.xctest */ = {isa = PBXFileReference; explicitFileType = wrapper.cfbundle; includeInIndex = 0; path = MyHoodUITests.xctest; sourceTree = BUILT_PRODUCTS_DIR; };
		D79085621EA8670000015524 /* MyHoodUITests.swift */ = {isa = PBXFileReference; lastKnownFileType = sourcecode.swift; path = MyHoodUITests.swift; sourceTree = "<group>"; };
		D79085641EA8670000015524 /* Info.plist */ = {isa = PBXFileReference; lastKnownFileType = text.plist.xml; path = Info.plist; sourceTree = "<group>"; };
/* End PBXFileReference section */

/* Begin PBXFrameworksBuildPhase section */
		D790853C1EA8670000015524 /* Frameworks */ = {
			isa = PBXFrameworksBuildPhase;
			buildActionMask = 2147483647;
			files = (
			);
			runOnlyForDeploymentPostprocessing = 0;
		};
		D79085501EA8670000015524 /* Frameworks */ = {
			isa = PBXFrameworksBuildPhase;
			buildActionMask = 2147483647;
			files = (
			);
			runOnlyForDeploymentPostprocessing = 0;
		};
		D790855B1EA8670000015524 /* Frameworks */ = {
			isa = PBXFrameworksBuildPhase;
			buildActionMask = 2147483647;
			files = (
			);
			runOnlyForDeploymentPostprocessing = 0;
		};
/* End PBXFrameworksBuildPhase section */

/* Begin PBXGroup section */
		D79085361EA866FF00015524 = {
			isa = PBXGroup;
			children = (
				D79085411EA8670000015524 /* MyHood */,
				D79085561EA8670000015524 /* MyHoodTests */,
				D79085611EA8670000015524 /* MyHoodUITests */,
				D79085401EA8670000015524 /* Products */,
			);
			sourceTree = "<group>";
		};
		D79085401EA8670000015524 /* Products */ = {
			isa = PBXGroup;
			children = (
				D790853F1EA8670000015524 /* MyHood.app */,
				D79085531EA8670000015524 /* MyHoodTests.xctest */,
				D790855E1EA8670000015524 /* MyHoodUITests.xctest */,
			);
			name = Products;
			sourceTree = "<group>";
		};
		D79085411EA8670000015524 /* MyHood */ = {
			isa = PBXGroup;
			children = (
				D79085421EA8670000015524 /* AppDelegate.swift */,
				D79085441EA8670000015524 /* ViewController.swift */,
				D79085461EA8670000015524 /* Main.storyboard */,
				D79085491EA8670000015524 /* Assets.xcassets */,
				D790854B1EA8670000015524 /* LaunchScreen.storyboard */,
				D790854E1EA8670000015524 /* Info.plist */,
			);
			path = MyHood;
			sourceTree = "<group>";
		};
		D79085561EA8670000015524 /* MyHoodTests */ = {
			isa = PBXGroup;
			children = (
				D79085571EA8670000015524 /* MyHoodTests.swift */,
				D79085591EA8670000015524 /* Info.plist */,
			);
			path = MyHoodTests;
			sourceTree = "<group>";
		};
		D79085611EA8670000015524 /* MyHoodUITests */ = {
			isa = PBXGroup;
			children = (
				D79085621EA8670000015524 /* MyHoodUITests.swift */,
				D79085641EA8670000015524 /* Info.plist */,
			);
			path = MyHoodUITests;
			sourceTree = "<group>";
		};
/* End PBXGroup section */

/* Begin PBXNativeTarget section */
		D790853E1EA8670000015524 /* MyHood */ = {
			isa = PBXNativeTarget;
			buildConfigurationList = D79085671EA8670000015524 /* Build configuration list for PBXNativeTarget "MyHood" */;
			buildPhases = (
				D790853B1EA8670000015524 /* Sources */,
				D790853C1EA8670000015524 /* Frameworks */,
				D790853D1EA8670000015524 /* Resources */,
			);
			buildRules = (
			);
			dependencies = (
			);
			name = MyHood;
			productName = MyHood;
			productReference = D790853F1EA8670000015524 /* MyHood.app */;
			productType = "com.apple.product-type.application";
		};
		D79085521EA8670000015524 /* MyHoodTests */ = {
			isa = PBXNativeTarget;
			buildConfigurationList = D790856A1EA8670000015524 /* Build configuration list for PBXNativeTarget "MyHoodTests" */;
			buildPhases = (
				D790854F1EA8670000015524 /* Sources */,
				D79085501EA8670000015524 /* Frameworks */,
				D79085511EA8670000015524 /* Resources */,
			);
			buildRules = (
			);
			dependencies = (
				D79085551EA8670000015524 /* PBXTargetDependency */,
			);
			name = MyHoodTests;
			productName = MyHoodTests;
			productReference = D79085531EA8670000015524 /* MyHoodTests.xctest */;
			productType = "com.apple.product-type.bundle.unit-test";
		};
		D790855D1EA8670000015524 /* MyHoodUITests */ = {
			isa = PBXNativeTarget;
			buildConfigurationList = D790856D1EA8670000015524 /* Build configuration list for PBXNativeTarget "MyHoodUITests" */;
			buildPhases = (
				D790855A1EA8670000015524 /* Sources */,
				D790855B1EA8670000015524 /* Frameworks */,
				D790855C1EA8670000015524 /* Resources */,
			);
			buildRules = (
			);
			dependencies = (
				D79085601EA8670000015524 /* PBXTargetDependency */,
			);
			name = MyHoodUITests;
			productName = MyHoodUITests;
			productReference = D790855E1EA8670000015524 /* MyHoodUITests.xctest */;
			productType = "com.apple.product-type.bundle.ui-testing";
		};
/* End PBXNativeTarget section */

/* Begin PBXProject section */
		D79085371EA866FF00015524 /* Project object */ = {
			isa = PBXProject;
			attributes = {
				LastSwiftUpdateCheck = 0800;
				LastUpgradeCheck = 0800;
				ORGANIZATIONNAME = Sachin;
				TargetAttributes = {
					D790853E1EA8670000015524 = {
						CreatedOnToolsVersion = 8.0;
						ProvisioningStyle = Automatic;
					};
					D79085521EA8670000015524 = {
						CreatedOnToolsVersion = 8.0;
						ProvisioningStyle = Automatic;
						TestTargetID = D790853E1EA8670000015524;
					};
					D790855D1EA8670000015524 = {
						CreatedOnToolsVersion = 8.0;
						ProvisioningStyle = Automatic;
						TestTargetID = D790853E1EA8670000015524;
					};
				};
			};
			buildConfigurationList = D790853A1EA866FF00015524 /* Build configuration list for PBXProject "MyHood" */;
			compatibilityVersion = "Xcode 3.2";
			developmentRegion = English;
			hasScannedForEncodings = 0;
			knownRegions = (
				en,
				Base,
			);
			mainGroup = D79085361EA866FF00015524;
			productRefGroup = D79085401EA8670000015524 /* Products */;
			projectDirPath = "";
			projectRoot = "";
			targets = (
				D790853E1EA8670000015524 /* MyHood */,
				D79085521EA8670000015524 /* MyHoodTests */,
				D790855D1EA8670000015524 /* MyHoodUITests */,
			);
		};
/* End PBXProject section */

/* Begin PBXResourcesBuildPhase section */
		D790853D1EA8670000015524 /* Resources */ = {
			isa = PBXResourcesBuildPhase;
			buildActionMask = 2147483647;
			files = (
				D790854D1EA8670000015524 /* LaunchScreen.storyboard in Resources */,
				D790854A1EA8670000015524 /* Assets.xcassets in Resources */,
				D79085481EA8670000015524 /* Main.storyboard in Resources */,
			);
			runOnlyForDeploymentPostprocessing = 0;
		};
		D79085511EA8670000015524 /* Resources */ = {
			isa = PBXResourcesBuildPhase;
			buildActionMask = 2147483647;
			files = (
			);
			runOnlyForDeploymentPostprocessing = 0;
		};
		D790855C1EA8670000015524 /* Resources */ = {
			isa = PBXResourcesBuildPhase;
			buildActionMask = 2147483647;
			files = (
			);
			runOnlyForDeploymentPostprocessing = 0;
		};
/* End PBXResourcesBuildPhase section */

/* Begin PBXSourcesBuildPhase section */
		D790853B1EA8670000015524 /* Sources */ = {
			isa = PBXSourcesBuildPhase;
			buildActionMask = 2147483647;
			files = (
				D79085451EA8670000015524 /* ViewController.swift in Sources */,
				D79085431EA8670000015524 /* AppDelegate.swift in Sources */,
			);
			runOnlyForDeploymentPostprocessing = 0;
		};
		D790854F1EA8670000015524 /* Sources */ = {
			isa = PBXSourcesBuildPhase;
			buildActionMask = 2147483647;
			files = (
				D79085581EA8670000015524 /* MyHoodTests.swift in Sources */,
			);
			runOnlyForDeploymentPostprocessing = 0;
		};
		D790855A1EA8670000015524 /* Sources */ = {
			isa = PBXSourcesBuildPhase;
			buildActionMask = 2147483647;
			files = (
				D79085631EA8670000015524 /* MyHoodUITests.swift in Sources */,
			);
			runOnlyForDeploymentPostprocessing = 0;
		};
/* End PBXSourcesBuildPhase section */

/* Begin PBXTargetDependency section */
		D79085551EA8670000015524 /* PBXTargetDependency */ = {
			isa = PBXTargetDependency;
			target = D790853E1EA8670000015524 /* MyHood */;
			targetProxy = D79085541EA8670000015524 /* PBXContainerItemProxy */;
		};
		D79085601EA8670000015524 /* PBXTargetDependency */ = {
			isa = PBXTargetDependency;
			target = D790853E1EA8670000015524 /* MyHood */;
			targetProxy = D790855F1EA8670000015524 /* PBXContainerItemProxy */;
		};
/* End PBXTargetDependency section */

/* Begin PBXVariantGroup section */
		D79085461EA8670000015524 /* Main.storyboard */ = {
			isa = PBXVariantGroup;
			children = (
				D79085471EA8670000015524 /* Base */,
			);
			name = Main.storyboard;
			sourceTree = "<group>";
		};
		D790854B1EA8670000015524 /* LaunchScreen.storyboard */ = {
			isa = PBXVariantGroup;
			children = (
				D790854C1EA8670000015524 /* Base */,
			);
			name = LaunchScreen.storyboard;
			sourceTree = "<group>";
		};
/* End PBXVariantGroup section */

/* Begin XCBuildConfiguration section */
		D79085651EA8670000015524 /* Debug */ = {
			isa = XCBuildConfiguration;
			buildSettings = {
				ALWAYS_SEARCH_USER_PATHS = NO;
				CLANG_ANALYZER_NONNULL = YES;
				CLANG_CXX_LANGUAGE_STANDARD = "gnu++0x";
				CLANG_CXX_LIBRARY = "libc++";
				CLANG_ENABLE_MODULES = YES;
				CLANG_ENABLE_OBJC_ARC = YES;
				CLANG_WARN_BOOL_CONVERSION = YES;
				CLANG_WARN_CONSTANT_CONVERSION = YES;
				CLANG_WARN_DIRECT_OBJC_ISA_USAGE = YES_ERROR;
				CLANG_WARN_DOCUMENTATION_COMMENTS = YES;
				CLANG_WARN_EMPTY_BODY = YES;
				CLANG_WARN_ENUM_CONVERSION = YES;
				CLANG_WARN_INFINITE_RECURSION = YES;
				CLANG_WARN_INT_CONVERSION = YES;
				CLANG_WARN_OBJC_ROOT_CLASS = YES_ERROR;
				CLANG_WARN_SUSPICIOUS_MOVES = YES;
				CLANG_WARN_UNREACHABLE_CODE = YES;
				CLANG_WARN__DUPLICATE_METHOD_MATCH = YES;
				"CODE_SIGN_IDENTITY[sdk=iphoneos*]" = "iPhone Developer";
				COPY_PHASE_STRIP = NO;
				DEBUG_INFORMATION_FORMAT = dwarf;
				ENABLE_STRICT_OBJC_MSGSEND = YES;
				ENABLE_TESTABILITY = YES;
				GCC_C_LANGUAGE_STANDARD = gnu99;
				GCC_DYNAMIC_NO_PIC = NO;
				GCC_NO_COMMON_BLOCKS = YES;
				GCC_OPTIMIZATION_LEVEL = 0;
				GCC_PREPROCESSOR_DEFINITIONS = (
					"DEBUG=1",
					"$(inherited)",
				);
				GCC_WARN_64_TO_32_BIT_CONVERSION = YES;
				GCC_WARN_ABOUT_RETURN_TYPE = YES_ERROR;
				GCC_WARN_UNDECLARED_SELECTOR = YES;
				GCC_WARN_UNINITIALIZED_AUTOS = YES_AGGRESSIVE;
				GCC_WARN_UNUSED_FUNCTION = YES;
				GCC_WARN_UNUSED_VARIABLE = YES;
				IPHONEOS_DEPLOYMENT_TARGET = 10.0;
				MTL_ENABLE_DEBUG_INFO = YES;
				ONLY_ACTIVE_ARCH = YES;
				SDKROOT = iphoneos;
				SWIFT_ACTIVE_COMPILATION_CONDITIONS = DEBUG;
				SWIFT_OPTIMIZATION_LEVEL = "-Onone";
				TARGETED_DEVICE_FAMILY = "1,2";
			};
			name = Debug;
		};
		D79085661EA8670000015524 /* Release */ = {
			isa = XCBuildConfiguration;
			buildSettings = {
				ALWAYS_SEARCH_USER_PATHS = NO;
				CLANG_ANALYZER_NONNULL = YES;
				CLANG_CXX_LANGUAGE_STANDARD = "gnu++0x";
				CLANG_CXX_LIBRARY = "libc++";
				CLANG_ENABLE_MODULES = YES;
				CLANG_ENABLE_OBJC_ARC = YES;
				CLANG_WARN_BOOL_CONVERSION = YES;
				CLANG_WARN_CONSTANT_CONVERSION = YES;
				CLANG_WARN_DIRECT_OBJC_ISA_USAGE = YES_ERROR;
				CLANG_WARN_DOCUMENTATION_COMMENTS = YES;
				CLANG_WARN_EMPTY_BODY = YES;
				CLANG_WARN_ENUM_CONVERSION = YES;
				CLANG_WARN_INFINITE_RECURSION = YES;
				CLANG_WARN_INT_CONVERSION = YES;
				CLANG_WARN_OBJC_ROOT_CLASS = YES_ERROR;
				CLANG_WARN_SUSPICIOUS_MOVES = YES;
				CLANG_WARN_UNREACHABLE_CODE = YES;
				CLANG_WARN__DUPLICATE_METHOD_MATCH = YES;
				"CODE_SIGN_IDENTITY[sdk=iphoneos*]" = "iPhone Developer";
				COPY_PHASE_STRIP = NO;
				DEBUG_INFORMATION_FORMAT = "dwarf-with-dsym";
				ENABLE_NS_ASSERTIONS = NO;
				ENABLE_STRICT_OBJC_MSGSEND = YES;
				GCC_C_LANGUAGE_STANDARD = gnu99;
				GCC_NO_COMMON_BLOCKS = YES;
				GCC_WARN_64_TO_32_BIT_CONVERSION = YES;
				GCC_WARN_ABOUT_RETURN_TYPE = YES_ERROR;
				GCC_WARN_UNDECLARED_SELECTOR = YES;
				GCC_WARN_UNINITIALIZED_AUTOS = YES_AGGRESSIVE;
				GCC_WARN_UNUSED_FUNCTION = YES;
				GCC_WARN_UNUSED_VARIABLE = YES;
				IPHONEOS_DEPLOYMENT_TARGET = 10.0;
				MTL_ENABLE_DEBUG_INFO = NO;
				SDKROOT = iphoneos;
				SWIFT_OPTIMIZATION_LEVEL = "-Owholemodule";
				TARGETED_DEVICE_FAMILY = "1,2";
				VALIDATE_PRODUCT = YES;
			};
			name = Release;
		};
		D79085681EA8670000015524 /* Debug */ = {
			isa = XCBuildConfiguration;
			buildSettings = {
				ASSETCATALOG_COMPILER_APPICON_NAME = AppIcon;
				INFOPLIST_FILE = MyHood/Info.plist;
				LD_RUNPATH_SEARCH_PATHS = "$(inherited) @executable_path/Frameworks";
				PRODUCT_BUNDLE_IDENTIFIER = com.sachin.MyHood;
				PRODUCT_NAME = "$(TARGET_NAME)";
				SWIFT_VERSION = 3.0;
			};
			name = Debug;
		};
		D79085691EA8670000015524 /* Release */ = {
			isa = XCBuildConfiguration;
			buildSettings = {
				ASSETCATALOG_COMPILER_APPICON_NAME = AppIcon;
				INFOPLIST_FILE = MyHood/Info.plist;
				LD_RUNPATH_SEARCH_PATHS = "$(inherited) @executable_path/Frameworks";
				PRODUCT_BUNDLE_IDENTIFIER = com.sachin.MyHood;
				PRODUCT_NAME = "$(TARGET_NAME)";
				SWIFT_VERSION = 3.0;
			};
			name = Release;
		};
		D790856B1EA8670000015524 /* Debug */ = {
			isa = XCBuildConfiguration;
			buildSettings = {
				ALWAYS_EMBED_SWIFT_STANDARD_LIBRARIES = YES;
				BUNDLE_LOADER = "$(TEST_HOST)";
				INFOPLIST_FILE = MyHoodTests/Info.plist;
				LD_RUNPATH_SEARCH_PATHS = "$(inherited) @executable_path/Frameworks @loader_path/Frameworks";
				PRODUCT_BUNDLE_IDENTIFIER = com.sachin.MyHoodTests;
				PRODUCT_NAME = "$(TARGET_NAME)";
				SWIFT_VERSION = 3.0;
				TEST_HOST = "$(BUILT_PRODUCTS_DIR)/MyHood.app/MyHood";
			};
			name = Debug;
		};
		D790856C1EA8670000015524 /* Release */ = {
			isa = XCBuildConfiguration;
			buildSettings = {
				ALWAYS_EMBED_SWIFT_STANDARD_LIBRARIES = YES;
				BUNDLE_LOADER = "$(TEST_HOST)";
				INFOPLIST_FILE = MyHoodTests/Info.plist;
				LD_RUNPATH_SEARCH_PATHS = "$(inherited) @executable_path/Frameworks @loader_path/Frameworks";
				PRODUCT_BUNDLE_IDENTIFIER = com.sachin.MyHoodTests;
				PRODUCT_NAME = "$(TARGET_NAME)";
				SWIFT_VERSION = 3.0;
				TEST_HOST = "$(BUILT_PRODUCTS_DIR)/MyHood.app/MyHood";
			};
			name = Release;
		};
		D790856E1EA8670000015524 /* Debug */ = {
			isa = XCBuildConfiguration;
			buildSettings = {
				ALWAYS_EMBED_SWIFT_STANDARD_LIBRARIES = YES;
				INFOPLIST_FILE = MyHoodUITests/Info.plist;
				LD_RUNPATH_SEARCH_PATHS = "$(inherited) @executable_path/Frameworks @loader_path/Frameworks";
				PRODUCT_BUNDLE_IDENTIFIER = com.sachin.MyHoodUITests;
				PRODUCT_NAME = "$(TARGET_NAME)";
				SWIFT_VERSION = 3.0;
				TEST_TARGET_NAME = MyHood;
			};
			name = Debug;
		};
		D790856F1EA8670000015524 /* Release */ = {
			isa = XCBuildConfiguration;
			buildSettings = {
				ALWAYS_EMBED_SWIFT_STANDARD_LIBRARIES = YES;
				INFOPLIST_FILE = MyHoodUITests/Info.plist;
				LD_RUNPATH_SEARCH_PATHS = "$(inherited) @executable_path/Frameworks @loader_path/Frameworks";
				PRODUCT_BUNDLE_IDENTIFIER = com.sachin.MyHoodUITests;
				PRODUCT_NAME = "$(TARGET_NAME)";
				SWIFT_VERSION = 3.0;
				TEST_TARGET_NAME = MyHood;
			};
			name = Release;
		};
/* End XCBuildConfiguration section */

/* Begin XCConfigurationList section */
		D790853A1EA866FF00015524 /* Build configuration list for PBXProject "MyHood" */ = {
			isa = XCConfigurationList;
			buildConfigurations = (
				D79085651EA8670000015524 /* Debug */,
				D79085661EA8670000015524 /* Release */,
			);
			defaultConfigurationIsVisible = 0;
			defaultConfigurationName = Release;
		};
		D79085671EA8670000015524 /* Build configuration list for PBXNativeTarget "MyHood" */ = {
			isa = XCConfigurationList;
			buildConfigurations = (
				D79085681EA8670000015524 /* Debug */,
				D79085691EA8670000015524 /* Release */,
			);
			defaultConfigurationIsVisible = 0;
		};
		D790856A1EA8670000015524 /* Build configuration list for PBXNativeTarget "MyHoodTests" */ = {
			isa = XCConfigurationList;
			buildConfigurations = (
				D790856B1EA8670000015524 /* Debug */,
				D790856C1EA8670000015524 /* Release */,
			);
			defaultConfigurationIsVisible = 0;
		};
		D790856D1EA8670000015524 /* Build configuration list for PBXNativeTarget "MyHoodUITests" */ = {
			isa = XCConfigurationList;
			buildConfigurations = (
				D790856E1EA8670000015524 /* Debug */,
				D790856F1EA8670000015524 /* Release */,
			);
			defaultConfigurationIsVisible = 0;
		};
/* End XCConfigurationList section */
	};
	rootObject = D79085371EA866FF00015524 /* Project object */;
}
